version = 1
revision = 1
requires-python = ">=3.13"

[[package]]
name = "cffi"
version = "1.17.1"
source = { registry = "https://pypi.org/simple" }
dependencies = [
    { name = "pycparser" },
]
sdist = { url = "https://files.pythonhosted.org/packages/fc/97/c783634659c2920c3fc70419e3af40972dbaf758daa229a7d6ea6135c90d/cffi-1.17.1.tar.gz", hash = "sha256:1c39c6016c32bc48dd54561950ebd6836e1670f2ae46128f67cf49e789c52824", size = 516621 }
wheels = [
    { url = "https://files.pythonhosted.org/packages/0e/2d/eab2e858a91fdff70533cab61dcff4a1f55ec60425832ddfdc9cd36bc8af/cffi-1.17.1-cp313-cp313-manylinux_2_12_i686.manylinux2010_i686.manylinux_2_17_i686.manylinux2014_i686.whl", hash = "sha256:d01b12eeeb4427d3110de311e1774046ad344f5b1a7403101878976ecd7a10f3", size = 454792 },
    { url = "https://files.pythonhosted.org/packages/75/b2/fbaec7c4455c604e29388d55599b99ebcc250a60050610fadde58932b7ee/cffi-1.17.1-cp313-cp313-manylinux_2_17_aarch64.manylinux2014_aarch64.whl", hash = "sha256:706510fe141c86a69c8ddc029c7910003a17353970cff3b904ff0686a5927683", size = 478893 },
    { url = "https://files.pythonhosted.org/packages/4f/b7/6e4a2162178bf1935c336d4da8a9352cccab4d3a5d7914065490f08c0690/cffi-1.17.1-cp313-cp313-manylinux_2_17_ppc64le.manylinux2014_ppc64le.whl", hash = "sha256:de55b766c7aa2e2a3092c51e0483d700341182f08e67c63630d5b6f200bb28e5", size = 485810 },
    { url = "https://files.pythonhosted.org/packages/c7/8a/1d0e4a9c26e54746dc08c2c6c037889124d4f59dffd853a659fa545f1b40/cffi-1.17.1-cp313-cp313-manylinux_2_17_s390x.manylinux2014_s390x.whl", hash = "sha256:c59d6e989d07460165cc5ad3c61f9fd8f1b4796eacbd81cee78957842b834af4", size = 471200 },
    { url = "https://files.pythonhosted.org/packages/26/9f/1aab65a6c0db35f43c4d1b4f580e8df53914310afc10ae0397d29d697af4/cffi-1.17.1-cp313-cp313-manylinux_2_17_x86_64.manylinux2014_x86_64.whl", hash = "sha256:dd398dbc6773384a17fe0d3e7eeb8d1a21c2200473ee6806bb5e6a8e62bb73dd", size = 479447 },
    { url = "https://files.pythonhosted.org/packages/5f/e4/fb8b3dd8dc0e98edf1135ff067ae070bb32ef9d509d6cb0f538cd6f7483f/cffi-1.17.1-cp313-cp313-musllinux_1_1_aarch64.whl", hash = "sha256:3edc8d958eb099c634dace3c7e16560ae474aa3803a5df240542b305d14e14ed", size = 484358 },
    { url = "https://files.pythonhosted.org/packages/f1/47/d7145bf2dc04684935d57d67dff9d6d795b2ba2796806bb109864be3a151/cffi-1.17.1-cp313-cp313-musllinux_1_1_x86_64.whl", hash = "sha256:72e72408cad3d5419375fc87d289076ee319835bdfa2caad331e377589aebba9", size = 488469 },
]

[[package]]
name = "cryptography"
version = "45.0.6"
source = { registry = "https://pypi.org/simple" }
dependencies = [
    { name = "cffi", marker = "platform_python_implementation != 'PyPy'" },
]
sdist = { url = "https://files.pythonhosted.org/packages/d6/0d/d13399c94234ee8f3df384819dc67e0c5ce215fb751d567a55a1f4b028c7/cryptography-45.0.6.tar.gz", hash = "sha256:5c966c732cf6e4a276ce83b6e4c729edda2df6929083a952cc7da973c539c719", size = 744949 }
wheels = [
    { url = "https://files.pythonhosted.org/packages/b3/b6/cabd07410f222f32c8d55486c464f432808abaa1f12af9afcbe8f2f19030/cryptography-45.0.6-cp311-abi3-manylinux2014_aarch64.manylinux_2_17_aarch64.whl", hash = "sha256:44647c5d796f5fc042bbc6d61307d04bf29bccb74d188f18051b635f20a9c75f", size = 4206483 },
    { url = "https://files.pythonhosted.org/packages/8b/9e/f9c7d36a38b1cfeb1cc74849aabe9bf817990f7603ff6eb485e0d70e0b27/cryptography-45.0.6-cp311-abi3-manylinux2014_x86_64.manylinux_2_17_x86_64.whl", hash = "sha256:e40b80ecf35ec265c452eea0ba94c9587ca763e739b8e559c128d23bff7ebbbf", size = 4429679 },
    { url = "https://files.pythonhosted.org/packages/9c/2a/4434c17eb32ef30b254b9e8b9830cee4e516f08b47fdd291c5b1255b8101/cryptography-45.0.6-cp311-abi3-manylinux_2_28_aarch64.whl", hash = "sha256:00e8724bdad672d75e6f069b27970883179bd472cd24a63f6e620ca7e41cc0c5", size = 4210553 },
    { url = "https://files.pythonhosted.org/packages/ef/1d/09a5df8e0c4b7970f5d1f3aff1b640df6d4be28a64cae970d56c6cf1c772/cryptography-45.0.6-cp311-abi3-manylinux_2_28_armv7l.manylinux_2_31_armv7l.whl", hash = "sha256:7a3085d1b319d35296176af31c90338eeb2ddac8104661df79f80e1d9787b8b2", size = 3894499 },
    { url = "https://files.pythonhosted.org/packages/79/62/120842ab20d9150a9d3a6bdc07fe2870384e82f5266d41c53b08a3a96b34/cryptography-45.0.6-cp311-abi3-manylinux_2_28_x86_64.whl", hash = "sha256:1b7fa6a1c1188c7ee32e47590d16a5a0646270921f8020efc9a511648e1b2e08", size = 4458484 },
    { url = "https://files.pythonhosted.org/packages/fd/80/1bc3634d45ddfed0871bfba52cf8f1ad724761662a0c792b97a951fb1b30/cryptography-45.0.6-cp311-abi3-manylinux_2_34_aarch64.whl", hash = "sha256:275ba5cc0d9e320cd70f8e7b96d9e59903c815ca579ab96c1e37278d231fc402", size = 4210281 },
    { url = "https://files.pythonhosted.org/packages/7d/fe/ffb12c2d83d0ee625f124880a1f023b5878f79da92e64c37962bbbe35f3f/cryptography-45.0.6-cp311-abi3-manylinux_2_34_x86_64.whl", hash = "sha256:f4028f29a9f38a2025abedb2e409973709c660d44319c61762202206ed577c42", size = 4456890 },
    { url = "https://files.pythonhosted.org/packages/8c/8e/b3f3fe0dc82c77a0deb5f493b23311e09193f2268b77196ec0f7a36e3f3e/cryptography-45.0.6-cp311-abi3-musllinux_1_2_aarch64.whl", hash = "sha256:ee411a1b977f40bd075392c80c10b58025ee5c6b47a822a33c1198598a7a5f05", size = 4333247 },
    { url = "https://files.pythonhosted.org/packages/b3/a6/c3ef2ab9e334da27a1d7b56af4a2417d77e7806b2e0f90d6267ce120d2e4/cryptography-45.0.6-cp311-abi3-musllinux_1_2_x86_64.whl", hash = "sha256:e2a21a8eda2d86bb604934b6b37691585bd095c1f788530c1fcefc53a82b3453", size = 4565045 },
    { url = "https://files.pythonhosted.org/packages/98/c6/ea5173689e014f1a8470899cd5beeb358e22bb3cf5a876060f9d1ca78af4/cryptography-45.0.6-cp37-abi3-manylinux2014_aarch64.manylinux_2_17_aarch64.whl", hash = "sha256:0d9ef57b6768d9fa58e92f4947cea96ade1233c0e236db22ba44748ffedca394", size = 4198169 },
    { url = "https://files.pythonhosted.org/packages/ba/73/b12995edc0c7e2311ffb57ebd3b351f6b268fed37d93bfc6f9856e01c473/cryptography-45.0.6-cp37-abi3-manylinux2014_x86_64.manylinux_2_17_x86_64.whl", hash = "sha256:ea3c42f2016a5bbf71825537c2ad753f2870191134933196bee408aac397b3d9", size = 4421273 },
    { url = "https://files.pythonhosted.org/packages/f7/6e/286894f6f71926bc0da67408c853dd9ba953f662dcb70993a59fd499f111/cryptography-45.0.6-cp37-abi3-manylinux_2_28_aarch64.whl", hash = "sha256:20ae4906a13716139d6d762ceb3e0e7e110f7955f3bc3876e3a07f5daadec5f3", size = 4199211 },
    { url = "https://files.pythonhosted.org/packages/de/34/a7f55e39b9623c5cb571d77a6a90387fe557908ffc44f6872f26ca8ae270/cryptography-45.0.6-cp37-abi3-manylinux_2_28_armv7l.manylinux_2_31_armv7l.whl", hash = "sha256:2dac5ec199038b8e131365e2324c03d20e97fe214af051d20c49db129844e8b3", size = 3883732 },
    { url = "https://files.pythonhosted.org/packages/f9/b9/c6d32edbcba0cd9f5df90f29ed46a65c4631c4fbe11187feb9169c6ff506/cryptography-45.0.6-cp37-abi3-manylinux_2_28_x86_64.whl", hash = "sha256:18f878a34b90d688982e43f4b700408b478102dd58b3e39de21b5ebf6509c301", size = 4450655 },
    { url = "https://files.pythonhosted.org/packages/77/2d/09b097adfdee0227cfd4c699b3375a842080f065bab9014248933497c3f9/cryptography-45.0.6-cp37-abi3-manylinux_2_34_aarch64.whl", hash = "sha256:5bd6020c80c5b2b2242d6c48487d7b85700f5e0038e67b29d706f98440d66eb5", size = 4198956 },
    { url = "https://files.pythonhosted.org/packages/55/66/061ec6689207d54effdff535bbdf85cc380d32dd5377173085812565cf38/cryptography-45.0.6-cp37-abi3-manylinux_2_34_x86_64.whl", hash = "sha256:eccddbd986e43014263eda489abbddfbc287af5cddfd690477993dbb31e31016", size = 4449859 },
    { url = "https://files.pythonhosted.org/packages/41/ff/e7d5a2ad2d035e5a2af116e1a3adb4d8fcd0be92a18032917a089c6e5028/cryptography-45.0.6-cp37-abi3-musllinux_1_2_aarch64.whl", hash = "sha256:550ae02148206beb722cfe4ef0933f9352bab26b087af00e48fdfb9ade35c5b3", size = 4320254 },
    { url = "https://files.pythonhosted.org/packages/82/27/092d311af22095d288f4db89fcaebadfb2f28944f3d790a4cf51fe5ddaeb/cryptography-45.0.6-cp37-abi3-musllinux_1_2_x86_64.whl", hash = "sha256:5b64e668fc3528e77efa51ca70fadcd6610e8ab231e3e06ae2bab3b31c2b8ed9", size = 4554815 },
]

[[package]]
name = "jaraco-classes"
version = "3.4.0"
source = { registry = "https://pypi.org/simple" }
dependencies = [
    { name = "more-itertools" },
]
sdist = { url = "https://files.pythonhosted.org/packages/06/c0/ed4a27bc5571b99e3cff68f8a9fa5b56ff7df1c2251cc715a652ddd26402/jaraco.classes-3.4.0.tar.gz", hash = "sha256:47a024b51d0239c0dd8c8540c6c7f484be3b8fcf0b2d85c13825780d3b3f3acd", size = 11780 }
wheels = [
    { url = "https://files.pythonhosted.org/packages/7f/66/b15ce62552d84bbfcec9a4873ab79d993a1dd4edb922cbfccae192bd5b5f/jaraco.classes-3.4.0-py3-none-any.whl", hash = "sha256:f662826b6bed8cace05e7ff873ce0f9283b5c924470fe664fff1c2f00f581790", size = 6777 },
]

[[package]]
name = "jaraco-context"
version = "6.0.1"
source = { registry = "https://pypi.org/simple" }
sdist = { url = "https://files.pythonhosted.org/packages/df/ad/f3777b81bf0b6e7bc7514a1656d3e637b2e8e15fab2ce3235730b3e7a4e6/jaraco_context-6.0.1.tar.gz", hash = "sha256:9bae4ea555cf0b14938dc0aee7c9f32ed303aa20a3b73e7dc80111628792d1b3", size = 13912 }
wheels = [
    { url = "https://files.pythonhosted.org/packages/ff/db/0c52c4cf5e4bd9f5d7135ec7669a3a767af21b3a308e1ed3674881e52b62/jaraco.context-6.0.1-py3-none-any.whl", hash = "sha256:f797fc481b490edb305122c9181830a3a5b76d84ef6d1aef2fb9b47ab956f9e4", size = 6825 },
]

[[package]]
name = "jaraco-functools"
version = "4.3.0"
source = { registry = "https://pypi.org/simple" }
dependencies = [
    { name = "more-itertools" },
]
sdist = { url = "https://files.pythonhosted.org/packages/f7/ed/1aa2d585304ec07262e1a83a9889880701079dde796ac7b1d1826f40c63d/jaraco_functools-4.3.0.tar.gz", hash = "sha256:cfd13ad0dd2c47a3600b439ef72d8615d482cedcff1632930d6f28924d92f294", size = 19755 }
wheels = [
    { url = "https://files.pythonhosted.org/packages/b4/09/726f168acad366b11e420df31bf1c702a54d373a83f968d94141a8c3fde0/jaraco_functools-4.3.0-py3-none-any.whl", hash = "sha256:227ff8ed6f7b8f62c56deff101545fa7543cf2c8e7b82a7c2116e672f29c26e8", size = 10408 },
]

[[package]]
name = "jeepney"
version = "0.9.0"
source = { registry = "https://pypi.org/simple" }
sdist = { url = "https://files.pythonhosted.org/packages/7b/6f/357efd7602486741aa73ffc0617fb310a29b588ed0fd69c2399acbb85b0c/jeepney-0.9.0.tar.gz", hash = "sha256:cf0e9e845622b81e4a28df94c40345400256ec608d0e55bb8a3feaa9163f5732", size = 106758 }
wheels = [
    { url = "https://files.pythonhosted.org/packages/b2/a3/e137168c9c44d18eff0376253da9f1e9234d0239e0ee230d2fee6cea8e55/jeepney-0.9.0-py3-none-any.whl", hash = "sha256:97e5714520c16fc0a45695e5365a2e11b81ea79bba796e26f9f1d178cb182683", size = 49010 },
]

[[package]]
name = "keyring"
version = "25.6.0"
source = { registry = "https://pypi.org/simple" }
dependencies = [
    { name = "jaraco-classes" },
    { name = "jaraco-context" },
    { name = "jaraco-functools" },
    { name = "jeepney", marker = "sys_platform == 'linux'" },
    { name = "pywin32-ctypes", marker = "sys_platform == 'win32'" },
    { name = "secretstorage", marker = "sys_platform == 'linux'" },
]
sdist = { url = "https://files.pythonhosted.org/packages/70/09/d904a6e96f76ff214be59e7aa6ef7190008f52a0ab6689760a98de0bf37d/keyring-25.6.0.tar.gz", hash = "sha256:0b39998aa941431eb3d9b0d4b2460bc773b9df6fed7621c2dfb291a7e0187a66", size = 62750 }
wheels = [
    { url = "https://files.pythonhosted.org/packages/d3/32/da7f44bcb1105d3e88a0b74ebdca50c59121d2ddf71c9e34ba47df7f3a56/keyring-25.6.0-py3-none-any.whl", hash = "sha256:552a3f7af126ece7ed5c89753650eec89c7eaae8617d0aa4d9ad2b75111266bd", size = 39085 },
]

[[package]]
name = "keyring-test"
version = "0.1.0"
source = { virtual = "." }
dependencies = [
    { name = "keyring" },
]

[package.metadata]
requires-dist = [{ name = "keyring", specifier = ">=25.6.0" }]

[[package]]
name = "more-itertools"
version = "10.7.0"
source = { registry = "https://pypi.org/simple" }
sdist = { url = "https://files.pythonhosted.org/packages/ce/a0/834b0cebabbfc7e311f30b46c8188790a37f89fc8d756660346fe5abfd09/more_itertools-10.7.0.tar.gz", hash = "sha256:9fddd5403be01a94b204faadcff459ec3568cf110265d3c54323e1e866ad29d3", size = 127671 }
wheels = [
    { url = "https://files.pythonhosted.org/packages/2b/9f/7ba6f94fc1e9ac3d2b853fdff3035fb2fa5afbed898c4a72b8a020610594/more_itertools-10.7.0-py3-none-any.whl", hash = "sha256:d43980384673cb07d2f7d2d918c616b30c659c089ee23953f601d6609c67510e", size = 65278 },
]

[[package]]
name = "pycparser"
version = "2.22"
source = { registry = "https://pypi.org/simple" }
sdist = { url = "https://files.pythonhosted.org/packages/1d/b2/31537cf4b1ca988837256c910a668b553fceb8f069bedc4b1c826024b52c/pycparser-2.22.tar.gz", hash = "sha256:491c8be9c040f5390f5bf44a5b07752bd07f56edf992381b05c701439eec10f6", size = 172736 }
wheels = [
    { url = "https://files.pythonhosted.org/packages/13/a3/a812df4e2dd5696d1f351d58b8fe16a405b234ad2886a0dab9183fb78109/pycparser-2.22-py3-none-any.whl", hash = "sha256:c3702b6d3dd8c7abc1afa565d7e63d53a1d0bd86cdc24edd75470f4de499cfcc", size = 117552 },
]

[[package]]
name = "pywin32-ctypes"
version = "0.2.3"
source = { registry = "https://pypi.org/simple" }
sdist = { url = "https://files.pythonhosted.org/packages/85/9f/01a1a99704853cb63f253eea009390c88e7131c67e66a0a02099a8c917cb/pywin32-ctypes-0.2.3.tar.gz", hash = "sha256:d162dc04946d704503b2edc4d55f3dba5c1d539ead017afa00142c38b9885755", size = 29471 }
wheels = [
    { url = "https://files.pythonhosted.org/packages/de/3d/8161f7711c017e01ac9f008dfddd9410dff3674334c233bde66e7ba65bbf/pywin32_ctypes-0.2.3-py3-none-any.whl", hash = "sha256:8a1513379d709975552d202d942d9837758905c8d01eb82b8bcc30918929e7b8", size = 30756 },
]

[[package]]
name = "secretstorage"
version = "3.3.3"
source = { registry = "https://pypi.org/simple" }
dependencies = [
    { name = "cryptography" },
    { name = "jeepney" },
]
sdist = { url = "https://files.pythonhosted.org/packages/53/a4/f48c9d79cb507ed1373477dbceaba7401fd8a23af63b837fa61f1dcd3691/SecretStorage-3.3.3.tar.gz", hash = "sha256:2403533ef369eca6d2ba81718576c5e0f564d5cca1b58f73a8b23e7d4eeebd77", size = 19739 }
wheels = [
    { url = "https://files.pythonhosted.org/packages/54/24/b4293291fa1dd830f353d2cb163295742fa87f179fcc8a20a306a81978b7/SecretStorage-3.3.3-py3-none-any.whl", hash = "sha256:f356e6628222568e3af06f2eba8df495efa13b3b63081dafd4f7d9a7b7bc9f99", size = 15221 },
]
